
Microsoft Visual Studio Solution File, Format Version 12.00
# Visual Studio 15
Project("{FAE04EC0-301F-11D3-BF4B-00C04F79EFBC}") = "Assembly-CSharp", "Assembly-CSharp.csproj", "{C18FCEB7-31CC-369F-B6BC-EC6DD05D8CA9}"
EndProject
Project("{FAE04EC0-301F-11D3-BF4B-00C04F79EFBC}") = "Assembly-CSharp-Editor", "Assembly-CSharp-Editor.csproj", "{77637881-5915-E84D-3518-EF12CC347371}"
EndProject
Global
	GlobalSection(SolutionConfigurationPlatforms) = preSolution
		Debug|Any CPU = Debug|Any CPU
		Release|Any CPU = Release|Any CPU
	EndGlobalSection
	GlobalSection(ProjectConfigurationPlatforms) = postSolution
		{C18FCEB7-31CC-369F-B6BC-EC6DD05D8CA9}.Debug|Any CPU.ActiveCfg = Debug|Any CPU
		{C18FCEB7-31CC-369F-B6BC-EC6DD05D8CA9}.Debug|Any CPU.Build.0 = Debug|Any CPU
		{C18FCEB7-31CC-369F-B6BC-EC6DD05D8CA9}.Release|Any CPU.ActiveCfg = Release|Any CPU
		{C18FCEB7-31CC-369F-B6BC-EC6DD05D8CA9}.Release|Any CPU.Build.0 = Release|Any CPU
		{77637881-5915-E84D-3518-EF12CC347371}.Debug|Any CPU.ActiveCfg = Debug|Any CPU
		{77637881-5915-E84D-3518-EF12CC347371}.Debug|Any CPU.Build.0 = Debug|Any CPU
		{77637881-5915-E84D-3518-EF12CC347371}.Release|Any CPU.ActiveCfg = Release|Any CPU
		{77637881-5915-E84D-3518-EF12CC347371}.Release|Any CPU.Build.0 = Release|Any CPU
	EndGlobalSection
	GlobalSection(SolutionProperties) = preSolution
		HideSolutionNode = FALSE
	EndGlobalSection
EndGlobal
